
Microsoft Visual Studio Solution File, Format Version 12.00
# Visual Studio Version 17
VisualStudioVersion = 17.0.31919.166
MinimumVisualStudioVersion = 10.0.40219.1
Project("{9A19103F-16F7-4668-BE54-9A1E7A4F7556}") = "FNA.Boids.Desktop", "FNA.Boids.Desktop\FNA.Boids.Desktop.csproj", "{1FD47FED-0670-4869-8AEB-2946EA0F5D85}"
EndProject
Project("{FAE04EC0-301F-11D3-BF4B-00C04F79EFBC}") = "FNA.Boids.UWP", "FNA.Boids.UWP\FNA.Boids.UWP.csproj", "{495CABAF-BC12-4854-873D-BDA56AD94D6E}"
EndProject
Project("{9A19103F-16F7-4668-BE54-9A1E7A4F7556}") = "FNA.Boids", "FNA.Boids\FNA.Boids.csproj", "{B209092A-3012-4A41-A4F7-94B894AF9216}"
EndProject
Project("{9A19103F-16F7-4668-BE54-9A1E7A4F7556}") = "FNA.Boids.Android", "FNA.Boids.Android\FNA.Boids.Android.csproj", "{76514E71-5601-48AC-B9DD-9535245C2174}"
EndProject
Global
	GlobalSection(SolutionConfigurationPlatforms) = preSolution
		Debug|Any CPU = Debug|Any CPU
		Debug|ARM = Debug|ARM
		Debug|ARM64 = Debug|ARM64
		Debug|x64 = Debug|x64
		Debug|x86 = Debug|x86
		Release|Any CPU = Release|Any CPU
		Release|ARM = Release|ARM
		Release|ARM64 = Release|ARM64
		Release|x64 = Release|x64
		Release|x86 = Release|x86
	EndGlobalSection
	GlobalSection(ProjectConfigurationPlatforms) = postSolution
		{1FD47FED-0670-4869-8AEB-2946EA0F5D85}.Debug|Any CPU.ActiveCfg = Debug|Any CPU
		{1FD47FED-0670-4869-8AEB-2946EA0F5D85}.Debug|Any CPU.Build.0 = Debug|Any CPU
		{1FD47FED-0670-4869-8AEB-2946EA0F5D85}.Debug|ARM.ActiveCfg = Debug|Any CPU
		{1FD47FED-0670-4869-8AEB-2946EA0F5D85}.Debug|ARM.Build.0 = Debug|Any CPU
		{1FD47FED-0670-4869-8AEB-2946EA0F5D85}.Debug|ARM64.ActiveCfg = Debug|Any CPU
		{1FD47FED-0670-4869-8AEB-2946EA0F5D85}.Debug|ARM64.Build.0 = Debug|Any CPU
		{1FD47FED-0670-4869-8AEB-2946EA0F5D85}.Debug|x64.ActiveCfg = Debug|Any CPU
		{1FD47FED-0670-4869-8AEB-2946EA0F5D85}.Debug|x64.Build.0 = Debug|Any CPU
		{1FD47FED-0670-4869-8AEB-2946EA0F5D85}.Debug|x86.ActiveCfg = Debug|Any CPU
		{1FD47FED-0670-4869-8AEB-2946EA0F5D85}.Debug|x86.Build.0 = Debug|Any CPU
		{1FD47FED-0670-4869-8AEB-2946EA0F5D85}.Release|Any CPU.ActiveCfg = Release|Any CPU
		{1FD47FED-0670-4869-8AEB-2946EA0F5D85}.Release|Any CPU.Build.0 = Release|Any CPU
		{1FD47FED-0670-4869-8AEB-2946EA0F5D85}.Release|ARM.ActiveCfg = Release|Any CPU
		{1FD47FED-0670-4869-8AEB-2946EA0F5D85}.Release|ARM.Build.0 = Release|Any CPU
		{1FD47FED-0670-4869-8AEB-2946EA0F5D85}.Release|ARM64.ActiveCfg = Release|Any CPU
		{1FD47FED-0670-4869-8AEB-2946EA0F5D85}.Release|ARM64.Build.0 = Release|Any CPU
		{1FD47FED-0670-4869-8AEB-2946EA0F5D85}.Release|x64.ActiveCfg = Release|Any CPU
		{1FD47FED-0670-4869-8AEB-2946EA0F5D85}.Release|x64.Build.0 = Release|Any CPU
		{1FD47FED-0670-4869-8AEB-2946EA0F5D85}.Release|x86.ActiveCfg = Release|Any CPU
		{1FD47FED-0670-4869-8AEB-2946EA0F5D85}.Release|x86.Build.0 = Release|Any CPU
		{495CABAF-BC12-4854-873D-BDA56AD94D6E}.Debug|Any CPU.ActiveCfg = Debug|x64
		{495CABAF-BC12-4854-873D-BDA56AD94D6E}.Debug|Any CPU.Build.0 = Debug|x64
		{495CABAF-BC12-4854-873D-BDA56AD94D6E}.Debug|Any CPU.Deploy.0 = Debug|x64
		{495CABAF-BC12-4854-873D-BDA56AD94D6E}.Debug|ARM.ActiveCfg = Debug|ARM
		{495CABAF-BC12-4854-873D-BDA56AD94D6E}.Debug|ARM.Build.0 = Debug|ARM
		{495CABAF-BC12-4854-873D-BDA56AD94D6E}.Debug|ARM.Deploy.0 = Debug|ARM
		{495CABAF-BC12-4854-873D-BDA56AD94D6E}.Debug|ARM64.ActiveCfg = Debug|ARM64
		{495CABAF-BC12-4854-873D-BDA56AD94D6E}.Debug|ARM64.Build.0 = Debug|ARM64
		{495CABAF-BC12-4854-873D-BDA56AD94D6E}.Debug|ARM64.Deploy.0 = Debug|ARM64
		{495CABAF-BC12-4854-873D-BDA56AD94D6E}.Debug|x64.ActiveCfg = Debug|x64
		{495CABAF-BC12-4854-873D-BDA56AD94D6E}.Debug|x64.Build.0 = Debug|x64
		{495CABAF-BC12-4854-873D-BDA56AD94D6E}.Debug|x64.Deploy.0 = Debug|x64
		{495CABAF-BC12-4854-873D-BDA56AD94D6E}.Debug|x86.ActiveCfg = Debug|x86
		{495CABAF-BC12-4854-873D-BDA56AD94D6E}.Debug|x86.Build.0 = Debug|x86
		{495CABAF-BC12-4854-873D-BDA56AD94D6E}.Debug|x86.Deploy.0 = Debug|x86
		{495CABAF-BC12-4854-873D-BDA56AD94D6E}.Release|Any CPU.ActiveCfg = Release|x64
		{495CABAF-BC12-4854-873D-BDA56AD94D6E}.Release|Any CPU.Build.0 = Release|x64
		{495CABAF-BC12-4854-873D-BDA56AD94D6E}.Release|Any CPU.Deploy.0 = Release|x64
		{495CABAF-BC12-4854-873D-BDA56AD94D6E}.Release|ARM.ActiveCfg = Release|ARM
		{495CABAF-BC12-4854-873D-BDA56AD94D6E}.Release|ARM.Build.0 = Release|ARM
		{495CABAF-BC12-4854-873D-BDA56AD94D6E}.Release|ARM.Deploy.0 = Release|ARM
		{495CABAF-BC12-4854-873D-BDA56AD94D6E}.Release|ARM64.ActiveCfg = Release|ARM64
		{495CABAF-BC12-4854-873D-BDA56AD94D6E}.Release|ARM64.Build.0 = Release|ARM64
		{495CABAF-BC12-4854-873D-BDA56AD94D6E}.Release|ARM64.Deploy.0 = Release|ARM64
		{495CABAF-BC12-4854-873D-BDA56AD94D6E}.Release|x64.ActiveCfg = Release|x64
		{495CABAF-BC12-4854-873D-BDA56AD94D6E}.Release|x64.Build.0 = Release|x64
		{495CABAF-BC12-4854-873D-BDA56AD94D6E}.Release|x64.Deploy.0 = Release|x64
		{495CABAF-BC12-4854-873D-BDA56AD94D6E}.Release|x86.ActiveCfg = Release|x86
		{495CABAF-BC12-4854-873D-BDA56AD94D6E}.Release|x86.Build.0 = Release|x86
		{495CABAF-BC12-4854-873D-BDA56AD94D6E}.Release|x86.Deploy.0 = Release|x86
		{B209092A-3012-4A41-A4F7-94B894AF9216}.Debug|Any CPU.ActiveCfg = Debug|Any CPU
		{B209092A-3012-4A41-A4F7-94B894AF9216}.Debug|Any CPU.Build.0 = Debug|Any CPU
		{B209092A-3012-4A41-A4F7-94B894AF9216}.Debug|ARM.ActiveCfg = Debug|Any CPU
		{B209092A-3012-4A41-A4F7-94B894AF9216}.Debug|ARM.Build.0 = Debug|Any CPU
		{B209092A-3012-4A41-A4F7-94B894AF9216}.Debug|ARM64.ActiveCfg = Debug|Any CPU
		{B209092A-3012-4A41-A4F7-94B894AF9216}.Debug|ARM64.Build.0 = Debug|Any CPU
		{B209092A-3012-4A41-A4F7-94B894AF9216}.Debug|x64.ActiveCfg = Debug|Any CPU
		{B209092A-3012-4A41-A4F7-94B894AF9216}.Debug|x64.Build.0 = Debug|Any CPU
		{B209092A-3012-4A41-A4F7-94B894AF9216}.Debug|x86.ActiveCfg = Debug|Any CPU
		{B209092A-3012-4A41-A4F7-94B894AF9216}.Debug|x86.Build.0 = Debug|Any CPU
		{B209092A-3012-4A41-A4F7-94B894AF9216}.Release|Any CPU.ActiveCfg = Release|Any CPU
		{B209092A-3012-4A41-A4F7-94B894AF9216}.Release|Any CPU.Build.0 = Release|Any CPU
		{B209092A-3012-4A41-A4F7-94B894AF9216}.Release|ARM.ActiveCfg = Release|Any CPU
		{B209092A-3012-4A41-A4F7-94B894AF9216}.Release|ARM.Build.0 = Release|Any CPU
		{B209092A-3012-4A41-A4F7-94B894AF9216}.Release|ARM64.ActiveCfg = Release|Any CPU
		{B209092A-3012-4A41-A4F7-94B894AF9216}.Release|ARM64.Build.0 = Release|Any CPU
		{B209092A-3012-4A41-A4F7-94B894AF9216}.Release|x64.ActiveCfg = Release|Any CPU
		{B209092A-3012-4A41-A4F7-94B894AF9216}.Release|x64.Build.0 = Release|Any CPU
		{B209092A-3012-4A41-A4F7-94B894AF9216}.Release|x86.ActiveCfg = Release|Any CPU
		{B209092A-3012-4A41-A4F7-94B894AF9216}.Release|x86.Build.0 = Release|Any CPU
		{76514E71-5601-48AC-B9DD-9535245C2174}.Debug|Any CPU.ActiveCfg = Debug|Any CPU
		{76514E71-5601-48AC-B9DD-9535245C2174}.Debug|Any CPU.Build.0 = Debug|Any CPU
		{76514E71-5601-48AC-B9DD-9535245C2174}.Debug|Any CPU.Deploy.0 = Debug|Any CPU
		{76514E71-5601-48AC-B9DD-9535245C2174}.Debug|ARM.ActiveCfg = Debug|Any CPU
		{76514E71-5601-48AC-B9DD-9535245C2174}.Debug|ARM.Build.0 = Debug|Any CPU
		{76514E71-5601-48AC-B9DD-9535245C2174}.Debug|ARM.Deploy.0 = Debug|Any CPU
		{76514E71-5601-48AC-B9DD-9535245C2174}.Debug|ARM64.ActiveCfg = Debug|Any CPU
		{76514E71-5601-48AC-B9DD-9535245C2174}.Debug|ARM64.Build.0 = Debug|Any CPU
		{76514E71-5601-48AC-B9DD-9535245C2174}.Debug|ARM64.Deploy.0 = Debug|Any CPU
		{76514E71-5601-48AC-B9DD-9535245C2174}.Debug|x64.ActiveCfg = Debug|Any CPU
		{76514E71-5601-48AC-B9DD-9535245C2174}.Debug|x64.Build.0 = Debug|Any CPU
		{76514E71-5601-48AC-B9DD-9535245C2174}.Debug|x64.Deploy.0 = Debug|Any CPU
		{76514E71-5601-48AC-B9DD-9535245C2174}.Debug|x86.ActiveCfg = Debug|Any CPU
		{76514E71-5601-48AC-B9DD-9535245C2174}.Debug|x86.Build.0 = Debug|Any CPU
		{76514E71-5601-48AC-B9DD-9535245C2174}.Debug|x86.Deploy.0 = Debug|Any CPU
		{76514E71-5601-48AC-B9DD-9535245C2174}.Release|Any CPU.ActiveCfg = Release|Any CPU
		{76514E71-5601-48AC-B9DD-9535245C2174}.Release|Any CPU.Build.0 = Release|Any CPU
		{76514E71-5601-48AC-B9DD-9535245C2174}.Release|Any CPU.Deploy.0 = Release|Any CPU
		{76514E71-5601-48AC-B9DD-9535245C2174}.Release|ARM.ActiveCfg = Release|Any CPU
		{76514E71-5601-48AC-B9DD-9535245C2174}.Release|ARM.Build.0 = Release|Any CPU
		{76514E71-5601-48AC-B9DD-9535245C2174}.Release|ARM.Deploy.0 = Release|Any CPU
		{76514E71-5601-48AC-B9DD-9535245C2174}.Release|ARM64.ActiveCfg = Release|Any CPU
		{76514E71-5601-48AC-B9DD-9535245C2174}.Release|ARM64.Build.0 = Release|Any CPU
		{76514E71-5601-48AC-B9DD-9535245C2174}.Release|ARM64.Deploy.0 = Release|Any CPU
		{76514E71-5601-48AC-B9DD-9535245C2174}.Release|x64.ActiveCfg = Release|Any CPU
		{76514E71-5601-48AC-B9DD-9535245C2174}.Release|x64.Build.0 = Release|Any CPU
		{76514E71-5601-48AC-B9DD-9535245C2174}.Release|x64.Deploy.0 = Release|Any CPU
		{76514E71-5601-48AC-B9DD-9535245C2174}.Release|x86.ActiveCfg = Release|Any CPU
		{76514E71-5601-48AC-B9DD-9535245C2174}.Release|x86.Build.0 = Release|Any CPU
		{76514E71-5601-48AC-B9DD-9535245C2174}.Release|x86.Deploy.0 = Release|Any CPU
	EndGlobalSection
	GlobalSection(SolutionProperties) = preSolution
		HideSolutionNode = FALSE
	EndGlobalSection
	GlobalSection(ExtensibilityGlobals) = postSolution
		SolutionGuid = {55298813-5D51-4871-BD30-F1BFB2A47C45}
	EndGlobalSection
EndGlobal
